{
  "name": "poll-app",
  "lockfileVersion": 3,
  "requires": true,
  "packages": {
    "": {
      "name": "poll-app",
      "dependencies": {
        "@hotwired/stimulus": "^3.2.2",
        "@hotwired/turbo-rails": "^8.0.4",
        "@popperjs/core": "^2.11.8",
        "bootstrap": "^5.3.3"
      }
    },
    "node_modules/@hotwired/stimulus": {
      "version": "3.2.2",
      "resolved": "https://registry.npmjs.org/@hotwired/stimulus/-/stimulus-3.2.2.tgz",
      "integrity": "sha512-eGeIqNOQpXoPAIP7tC1+1Yc1yl1xnwYqg+3mzqxyrbE5pg5YFBZcA6YoTiByJB6DKAEsiWtl6tjTJS4IYtbB7A=="
    },
    "node_modules/@hotwired/turbo": {
      "version": "8.0.20",
      "resolved": "https://registry.npmjs.org/@hotwired/turbo/-/turbo-8.0.20.tgz",
      "integrity": "sha512-IilkH/+h92BRLeY/rMMR3MUh1gshIfdra/qZzp/Bl5FmiALD/6sQZK/ecxSbumeyOYiWr/JRI+Au1YQmkJGnoA==",
      "engines": {
        "node": ">= 18"
      }
    },
    "node_modules/@hotwired/turbo-rails": {
      "version": "8.0.20",
      "resolved": "https://registry.npmjs.org/@hotwired/turbo-rails/-/turbo-rails-8.0.20.tgz",
      "integrity": "sha512-4aYkYF9XMKL7ZZPfgElq15+60osZOwMwhztE4myKQYEzCPvaPUxwZH301tOrBNtWUwOD+TNOm1Hrpeaq22RX9A==",
      "dependencies": {
        "@hotwired/turbo": "^8.0.20",
        "@rails/actioncable": ">=7.0"
      }
    },
    "node_modules/@popperjs/core": {
      "version": "2.11.8",
      "resolved": "https://registry.npmjs.org/@popperjs/core/-/core-2.11.8.tgz",
      "integrity": "sha512-P1st0aksCrn9sGZhp8GMYwBnQsbvAWsZAX44oXNNvLHGqAOcoVxmjZiohstwQ7SqKnbR47akdNi+uleWD8+g6A==",
      "funding": {
        "type": "opencollective",
        "url": "https://opencollective.com/popperjs"
      }
    },
    "node_modules/@rails/actioncable": {
      "version": "8.1.100",
      "resolved": "https://registry.npmjs.org/@rails/actioncable/-/actioncable-8.1.100.tgz",
      "integrity": "sha512-j4vJQqz51CDVYv2UafKRu4jiZi5/gTnm7NkyL+VMIgEw3s8jtVtmzu9uItUaZccUg9NJ6o05yVyBAHxNfTuCRA=="
    },
    "node_modules/bootstrap": {
      "version": "5.3.8",
      "resolved": "https://registry.npmjs.org/bootstrap/-/bootstrap-5.3.8.tgz",
      "integrity": "sha512-HP1SZDqaLDPwsNiqRqi5NcP0SSXciX2s9E+RyqJIIqGo+vJeN5AJVM98CXmW/Wux0nQ5L7jeWUdplCEf0Ee+tg==",
      "funding": [
        {
          "type": "github",
          "url": "https://github.com/sponsors/twbs"
        },
        {
          "type": "opencollective",
          "url": "https://opencollective.com/bootstrap"
        }
      ],
      "peerDependencies": {
        "@popperjs/core": "^2.11.8"
      }
    }
  }
}
